# This file was autogenerated by Stack.
# You should not edit this file by hand.
# For more information, please see the documentation at:
#   https://docs.haskellstack.org/en/stable/lock_files

packages: []
snapshots:
- completed:
    size: 505838
    url: https://raw.githubusercontent.com/commercialhaskell/stackage-snapshots/master/nightly/2019/4/30.yaml
    sha256: 5c5996156ba1029804a33741a953c9af2b07cf5115c894ce96527208df4325ec
  original: nightly-2019-04-30
